
Microsoft Visual Studio Solution File, Format Version 12.00
# Visual Studio 15
VisualStudioVersion = 15.0.27130.2036
MinimumVisualStudioVersion = 10.0.40219.1
Project("{FAE04EC0-301F-11D3-BF4B-00C04F79EFBC}") = "TestApp", "TestApp\TestApp.csproj", "{0EF9B0C2-BD0A-447C-8E1B-1E14721F8D87}"
EndProject
Project("{FAE04EC0-301F-11D3-BF4B-00C04F79EFBC}") = "ConcreteCover", "ConcreteCover\ConcreteCover.csproj", "{6EFF1E22-0FC1-467C-A0DE-BC637F6BCAEB}"
EndProject
Project("{FAE04EC0-301F-11D3-BF4B-00C04F79EFBC}") = "ReinforcementCalc", "ReinforcementCalc\ReinforcementCalc.csproj", "{1F00B43D-1AC3-4938-8BF1-EA2021726895}"
EndProject
Project("{FAE04EC0-301F-11D3-BF4B-00C04F79EFBC}") = "BeamList", "BeamList\BeamList.csproj", "{9D3BEB9A-4DF7-44EB-AD6B-782526F29F58}"
EndProject
Project("{FAE04EC0-301F-11D3-BF4B-00C04F79EFBC}") = "ReinforcementCalcTests", "ReinforcementCalcTests\ReinforcementCalcTests.csproj", "{6954D6E8-0110-49D5-B536-C4F6979FE8A1}"
EndProject
Project("{FAE04EC0-301F-11D3-BF4B-00C04F79EFBC}") = "TeklaCustomProperties", "TeklaCustomProperties\TeklaCustomProperties.csproj", "{B4FC2519-1427-44EB-9A24-10267AB1B0F1}"
EndProject
Project("{FAE04EC0-301F-11D3-BF4B-00C04F79EFBC}") = "Slab", "Slab\Slab.csproj", "{4810AF3A-D801-4B2A-87FB-F47160029B22}"
EndProject
Project("{FAE04EC0-301F-11D3-BF4B-00C04F79EFBC}") = "Tests", "Tests\Tests.csproj", "{847F3023-B0E2-4D90-BCFD-FC58F37A1521}"
EndProject
Project("{FAE04EC0-301F-11D3-BF4B-00C04F79EFBC}") = "Animations", "Animations\Animations.csproj", "{D5F49F9C-5E4B-4B25-89FC-5B6FECF07088}"
EndProject
Project("{FAE04EC0-301F-11D3-BF4B-00C04F79EFBC}") = "MacroStarter", "MacroStarter\MacroStarter.csproj", "{A7A24995-13EF-4719-8996-91A381759E56}"
EndProject
Project("{FAE04EC0-301F-11D3-BF4B-00C04F79EFBC}") = "Async", "Async\Async.csproj", "{E87EE60F-77D5-4804-B74D-D5907D6BD30E}"
EndProject
Project("{FAE04EC0-301F-11D3-BF4B-00C04F79EFBC}") = "AsyncAwait", "AsyncAwait\AsyncAwait.csproj", "{402B67F1-0F59-4897-A872-A3F393BD3515}"
EndProject
Global
	GlobalSection(SolutionConfigurationPlatforms) = preSolution
		Debug|Any CPU = Debug|Any CPU
		Release|Any CPU = Release|Any CPU
	EndGlobalSection
	GlobalSection(ProjectConfigurationPlatforms) = postSolution
		{0EF9B0C2-BD0A-447C-8E1B-1E14721F8D87}.Debug|Any CPU.ActiveCfg = Debug|Any CPU
		{0EF9B0C2-BD0A-447C-8E1B-1E14721F8D87}.Debug|Any CPU.Build.0 = Debug|Any CPU
		{0EF9B0C2-BD0A-447C-8E1B-1E14721F8D87}.Release|Any CPU.ActiveCfg = Release|Any CPU
		{0EF9B0C2-BD0A-447C-8E1B-1E14721F8D87}.Release|Any CPU.Build.0 = Release|Any CPU
		{6EFF1E22-0FC1-467C-A0DE-BC637F6BCAEB}.Debug|Any CPU.ActiveCfg = Debug|Any CPU
		{6EFF1E22-0FC1-467C-A0DE-BC637F6BCAEB}.Debug|Any CPU.Build.0 = Debug|Any CPU
		{6EFF1E22-0FC1-467C-A0DE-BC637F6BCAEB}.Release|Any CPU.ActiveCfg = Release|Any CPU
		{6EFF1E22-0FC1-467C-A0DE-BC637F6BCAEB}.Release|Any CPU.Build.0 = Release|Any CPU
		{1F00B43D-1AC3-4938-8BF1-EA2021726895}.Debug|Any CPU.ActiveCfg = Debug|Any CPU
		{1F00B43D-1AC3-4938-8BF1-EA2021726895}.Debug|Any CPU.Build.0 = Debug|Any CPU
		{1F00B43D-1AC3-4938-8BF1-EA2021726895}.Release|Any CPU.ActiveCfg = Release|Any CPU
		{1F00B43D-1AC3-4938-8BF1-EA2021726895}.Release|Any CPU.Build.0 = Release|Any CPU
		{9D3BEB9A-4DF7-44EB-AD6B-782526F29F58}.Debug|Any CPU.ActiveCfg = Debug|Any CPU
		{9D3BEB9A-4DF7-44EB-AD6B-782526F29F58}.Debug|Any CPU.Build.0 = Debug|Any CPU
		{9D3BEB9A-4DF7-44EB-AD6B-782526F29F58}.Release|Any CPU.ActiveCfg = Release|Any CPU
		{9D3BEB9A-4DF7-44EB-AD6B-782526F29F58}.Release|Any CPU.Build.0 = Release|Any CPU
		{6954D6E8-0110-49D5-B536-C4F6979FE8A1}.Debug|Any CPU.ActiveCfg = Debug|Any CPU
		{6954D6E8-0110-49D5-B536-C4F6979FE8A1}.Debug|Any CPU.Build.0 = Debug|Any CPU
		{6954D6E8-0110-49D5-B536-C4F6979FE8A1}.Release|Any CPU.ActiveCfg = Release|Any CPU
		{6954D6E8-0110-49D5-B536-C4F6979FE8A1}.Release|Any CPU.Build.0 = Release|Any CPU
		{B4FC2519-1427-44EB-9A24-10267AB1B0F1}.Debug|Any CPU.ActiveCfg = Debug|Any CPU
		{B4FC2519-1427-44EB-9A24-10267AB1B0F1}.Debug|Any CPU.Build.0 = Debug|Any CPU
		{B4FC2519-1427-44EB-9A24-10267AB1B0F1}.Release|Any CPU.ActiveCfg = Release|Any CPU
		{B4FC2519-1427-44EB-9A24-10267AB1B0F1}.Release|Any CPU.Build.0 = Release|Any CPU
		{4810AF3A-D801-4B2A-87FB-F47160029B22}.Debug|Any CPU.ActiveCfg = Debug|Any CPU
		{4810AF3A-D801-4B2A-87FB-F47160029B22}.Debug|Any CPU.Build.0 = Debug|Any CPU
		{4810AF3A-D801-4B2A-87FB-F47160029B22}.Release|Any CPU.ActiveCfg = Release|Any CPU
		{4810AF3A-D801-4B2A-87FB-F47160029B22}.Release|Any CPU.Build.0 = Release|Any CPU
		{847F3023-B0E2-4D90-BCFD-FC58F37A1521}.Debug|Any CPU.ActiveCfg = Debug|Any CPU
		{847F3023-B0E2-4D90-BCFD-FC58F37A1521}.Debug|Any CPU.Build.0 = Debug|Any CPU
		{847F3023-B0E2-4D90-BCFD-FC58F37A1521}.Release|Any CPU.ActiveCfg = Release|Any CPU
		{847F3023-B0E2-4D90-BCFD-FC58F37A1521}.Release|Any CPU.Build.0 = Release|Any CPU
		{D5F49F9C-5E4B-4B25-89FC-5B6FECF07088}.Debug|Any CPU.ActiveCfg = Debug|Any CPU
		{D5F49F9C-5E4B-4B25-89FC-5B6FECF07088}.Debug|Any CPU.Build.0 = Debug|Any CPU
		{D5F49F9C-5E4B-4B25-89FC-5B6FECF07088}.Release|Any CPU.ActiveCfg = Release|Any CPU
		{D5F49F9C-5E4B-4B25-89FC-5B6FECF07088}.Release|Any CPU.Build.0 = Release|Any CPU
		{A7A24995-13EF-4719-8996-91A381759E56}.Debug|Any CPU.ActiveCfg = Debug|Any CPU
		{A7A24995-13EF-4719-8996-91A381759E56}.Debug|Any CPU.Build.0 = Debug|Any CPU
		{A7A24995-13EF-4719-8996-91A381759E56}.Release|Any CPU.ActiveCfg = Release|Any CPU
		{A7A24995-13EF-4719-8996-91A381759E56}.Release|Any CPU.Build.0 = Release|Any CPU
		{E87EE60F-77D5-4804-B74D-D5907D6BD30E}.Debug|Any CPU.ActiveCfg = Debug|Any CPU
		{E87EE60F-77D5-4804-B74D-D5907D6BD30E}.Debug|Any CPU.Build.0 = Debug|Any CPU
		{E87EE60F-77D5-4804-B74D-D5907D6BD30E}.Release|Any CPU.ActiveCfg = Release|Any CPU
		{E87EE60F-77D5-4804-B74D-D5907D6BD30E}.Release|Any CPU.Build.0 = Release|Any CPU
		{402B67F1-0F59-4897-A872-A3F393BD3515}.Debug|Any CPU.ActiveCfg = Debug|Any CPU
		{402B67F1-0F59-4897-A872-A3F393BD3515}.Debug|Any CPU.Build.0 = Debug|Any CPU
		{402B67F1-0F59-4897-A872-A3F393BD3515}.Release|Any CPU.ActiveCfg = Release|Any CPU
		{402B67F1-0F59-4897-A872-A3F393BD3515}.Release|Any CPU.Build.0 = Release|Any CPU
	EndGlobalSection
	GlobalSection(SolutionProperties) = preSolution
		HideSolutionNode = FALSE
	EndGlobalSection
	GlobalSection(ExtensibilityGlobals) = postSolution
		SolutionGuid = {C78EECF6-C9B6-405E-8B3A-F71C1D564F2F}
	EndGlobalSection
EndGlobal
